github.com/armon/go-radix v1.0.0 h1:F4z6KzEeeQIMeLFa97iZU6vupzoecKdU5TX24SNppXI=
github.com/armon/go-radix v1.0.0/go.mod h1:ufUuZ+zHj4x4TnLV4JWEpy2hxWSpsRywHrMgIH9cCH8=
github.com/davecgh/go-spew v1.1.2-0.20180830191138-d8f796af33cc h1:U9qPSI2PIWSS1VwoXQT9A3Wy9MM3WgvqSxFWenqJduM=
github.com/davecgh/go-spew v1.1.2-0.20180830191138-d8f796af33cc/go.mod h1:J7Y8YcW2NihsgmVo/mv3lAwl/skON4iLHjSsI+c5H38=
github.com/elastic/go-sysinfo v1.15.4 h1:A3zQcunCxik14MgXu39cXFXcIw2sFXZ0zL886eyiv1Q=
github.com/elastic/go-sysinfo v1.15.4/go.mod h1:ZBVXmqS368dOn/jvijV/zHLfakWTYHBZPk3G244lHrU=
github.com/elastic/go-windows v1.0.2 h1:yoLLsAsV5cfg9FLhZ9EXZ2n2sQFKeDYrHenkcivY4vI=
github.com/elastic/go-windows v1.0.2/go.mod h1:bGcDpBzXgYSqM0Gx3DM4+UxFj300SZLixie9u9ixLM8=
github.com/google/go-cmp v0.7.0 h1:wk8382ETsv4JYUZwIsn6YpYiWiBsYLSJiTsyBybVuN8=
github.com/google/go-cmp v0.7.0/go.mod h1:pXiqmnSA92OHEEa9HXL2W4E7lf9JzCmGVUdgjX3N/iU=
github.com/jessevdk/go-flags v1.4.0/go.mod h1:4FA24M0QyGHXBuZZK/XkWh8h0e1EYbRYJSGM75WSRxI=
github.com/kr/pretty v0.3.1 h1:flRD4NNwYAUpkphVc1HcthR4KEIFJ65n8Mw5qdRn3LE=
github.com/kr/pretty v0.3.1/go.mod h1:hoEshYVHaxMs3cyo3Yncou5ZscifuDolrwPKZanG3xk=
github.com/kr/text v0.2.0 h1:5Nx0Ya0ZqY2ygV366QzturHI13Jq95ApcVaJBhpS+AY=
github.com/kr/text v0.2.0/go.mod h1:eLer722TekiGuMkidMxC/pM04lWEeraHUUmBw8l2grE=
github.com/pkg/errors v0.9.1 h1:FEBLx1zS214owpjy7qsBeixbURkuhQAwrK5UwLGTwt4=
github.com/pkg/errors v0.9.1/go.mod h1:bwawxfHBFNV+L2hUp1rHADufV3IMtnDRdf1r5NINEl0=
github.com/pmezard/go-difflib v1.0.1-0.20181226105442-5d4384ee4fb2 h1:Jamvg5psRIccs7FGNTlIRMkT8wgtp5eCXdBlqhYGL6U=
github.com/pmezard/go-difflib v1.0.1-0.20181226105442-5d4384ee4fb2/go.mod h1:iKH77koFhYxTK1pcRnkKkqfTogsbg7gZNVY4sRDYZ/4=
github.com/prometheus/procfs v0.17.0 h1:FuLQ+05u4ZI+SS/w9+BWEM2TXiHKsUQ9TADiRH7DuK0=
github.com/prometheus/procfs v0.17.0/go.mod h1:oPQLaDAMRbA+u8H5Pbfq+dl3VDAvHxMUOVhe0wYB2zw=
github.com/rogpeppe/go-internal v1.13.1 h1:KvO1DLK/DRN07sQ1LQKScxyZJuNnedQ5/wKSR38lUII=
github.com/rogpeppe/go-internal v1.13.1/go.mod h1:uMEvuHeurkdAXX61udpOXGD/AzZDWNMNyH2VO9fmH0o=
github.com/stretchr/objx v0.5.2 h1:xuMeJ0Sdp5ZMRXx/aWO6RZxdr3beISkG5/G/aIRr3pY=
github.com/stretchr/objx v0.5.2/go.mod h1:FRsXN1f5AsAjCGJKqEizvkpNtU+EGNCLh3NxZ/8L+MA=
github.com/stretchr/testify v1.11.1 h1:7s2iGBzp5EwR7/aIZr8ao5+dra3wiQyKjjFuvgVKu7U=
github.com/stretchr/testify v1.11.1/go.mod h1:wZwfW3scLgRK+23gO65QZefKpKQRnfz6sD981Nm4B6U=
github.com/yyle88/done v1.0.27 h1:FaCbL0hUpsZ8DH4FLbDnjQDIYjvf0JgNxGVi6ZoDhGg=
github.com/yyle88/done v1.0.27/go.mod h1:7fEv2NuCKW/XA/6a5BIwgX+A8MqYFtyTJMbDJdiDZrM=
github.com/yyle88/erero v1.0.24 h1:yroawlW4IohY4bK4SonMBNI2tlZftPjtfhYYBtBfCxw=
github.com/yyle88/erero v1.0.24/go.mod h1:KoTJmpyuKtQddt1QEQidwmewilCWwEH8rn5NsIAZ8XE=
github.com/yyle88/formatgo v1.0.27 h1:hlBtDh8n0UYKWlEH+M638fJjTzu8XhfAzYWsfUs71ZM=
github.com/yyle88/formatgo v1.0.27/go.mod h1:QjfyrRvoCnKgw8Jr6ifHSQwAvIlLkNFjMI37rA9qSNU=
github.com/yyle88/must v0.0.26 h1:bxUtYq4S5e7FjdQsAVCXPNZOA8YVItnQF+VXVqCSrps=
github.com/yyle88/must v0.0.26/go.mod h1:SO20wxYD9sahO1crPOPlWxwJIyEx0qGtq1K/zgy/8UU=
github.com/yyle88/mutexmap v1.0.14 h1:aBdhtKR0XmFAJFoyswfjAEg9dzBvdaUBXU3Iw50AlB0=
github.com/yyle88/mutexmap v1.0.14/go.mod h1:QUYDuARLPlGj414kHewQ5tt8jkDxQXoai8H3C4Gg+yc=
github.com/yyle88/neatjson v0.0.13 h1:+1Ihb43IZLkYAd+lapnvUJN20bTjSAkoTE/2gssBew8=
github.com/yyle88/neatjson v0.0.13/go.mod h1:BOgA69f27Bd/yj2xnIWldratF3WwIrMKrBgo9eIZGb0=
github.com/yyle88/printgo v1.0.5 h1:gmaJKzEkrH6adbgfOfS6xq02CdvsE8QF+uKXXOdVLN8=
github.com/yyle88/printgo v1.0.5/go.mod h1:QZZD92Orn8ddmxF5IOEFvLPPW66UIQtgoLixPdpXuQc=
github.com/yyle88/rese v0.0.11 h1:GjTlfhlEXiy6GPfTChlyOY9lqEVq1yY1O4Wpp1ZI4Ew=
github.com/yyle88/rese v0.0.11/go.mod h1:Kst4nghSQBL0uAquA/A01BW9hmW4pfpMplEleGQkSpY=
github.com/yyle88/runpath v1.0.24 h1:jyFwGS0RbgOJS1dblMh1DBWckRN+MVomTT89cgmsFAw=
github.com/yyle88/runpath v1.0.24/go.mod h1:j1JvgyOK3WLRaEq6UHIiAp1voenfC5m6oGEav7ftBx4=
github.com/yyle88/sure v0.0.40 h1:iWHAoeSDS0hVEupl65p4m+mRRbPrwniEgYF2751Eqo8=
github.com/yyle88/sure v0.0.40/go.mod h1:xvpdDUrh5awr56DF75fiP4g1deev/sokyF706ogt8Ys=
github.com/yyle88/syntaxgo v0.0.53 h1:3W4S5ncRdq3hUp3Qjw4GqB+mAxypJCycMo/mMJP+1vc=
github.com/yyle88/syntaxgo v0.0.53/go.mod h1:68EidTlDxVi/iaCJeg0menpA4v/xbq+ITxa1aKdmjLo=
github.com/yyle88/tern v0.0.9 h1:d/0afYxeAcUs/vjHqviswMq45NYGPHQQCh1cXA7CPRs=
github.com/yyle88/tern v0.0.9/go.mod h1:OHHE2G1gYaX4q0uu3sG9JAK9dBjHboxGcTXbRPVoGeQ=
github.com/yyle88/zaplog v0.0.27 h1:Bd/XWeAeRDEsFdtHphEqPK+W3M9WNd/dzf5x6YXeSkY=
github.com/yyle88/zaplog v0.0.27/go.mod h1:0BOxIR1lFh4vdiCyR5zuj4DmTFK36FbpjOWAdjMwSDU=
go.elastic.co/apm/module/apmhttp/v2 v2.7.1 h1:1uPHesdm9nKytQ/N0bPmlS7F69oXvkzW+IlvzQuDUs8=
go.elastic.co/apm/module/apmhttp/v2 v2.7.1/go.mod h1:DlBnNivf+eArsEI1QtUx7fygo/JDbdMIcU9+i/Wid1U=
go.elastic.co/apm/v2 v2.7.1 h1:OFjARuESjBsxw7wHrEAnfSVNCHGBATXSI/kPvBARY/A=
go.elastic.co/apm/v2 v2.7.1/go.mod h1:tQhBAjwh93b2leuAdzGwta/sP7Yc7QoKTSjeIHHDuog=
go.elastic.co/fastjson v1.5.1 h1:zeh1xHrFH79aQ6Xsw7YxixvnOdAl3OSv0xch/jRDzko=
go.elastic.co/fastjson v1.5.1/go.mod h1:WtvH5wz8z9pDOPqNYSYKoLLv/9zCWZLeejHWuvdL/EM=
go.uber.org/goleak v1.3.0 h1:2K3zAYmnTNqV73imy9J1T3WC+gmCePx2hEGkimedGto=
go.uber.org/goleak v1.3.0/go.mod h1:CoHD4mav9JJNrW/WLlf7HGZPjdw8EucARQHekz1X6bE=
go.uber.org/multierr v1.11.0 h1:blXXJkSxSSfBVBlC76pxqeO+LN3aDfLQo+309xJstO0=
go.uber.org/multierr v1.11.0/go.mod h1:20+QtiLqy0Nd6FdQB9TLXag12DsQkrbs3htMFfDN80Y=
go.uber.org/zap v1.27.0 h1:aJMhYGrd5QSmlpLMr2MftRKl7t8J8PTZPA732ud/XR8=
go.uber.org/zap v1.27.0/go.mod h1:GB2qFLM7cTU87MWRP2mPIjqfIDnGu+VIO4V/SdhGo2E=
golang.org/x/exp v0.0.0-20250620022241-b7579e27df2b h1:M2rDM6z3Fhozi9O7NWsxAkg/yqS/lQJ6PmkyIV3YP+o=
golang.org/x/exp v0.0.0-20250620022241-b7579e27df2b/go.mod h1:3//PLf8L/X+8b4vuAfHzxeRUl04Adcb341+IGKfnqS8=
golang.org/x/mod v0.27.0 h1:kb+q2PyFnEADO2IEF935ehFUXlWiNjJWtRNgBLSfbxQ=
golang.org/x/mod v0.27.0/go.mod h1:rWI627Fq0DEoudcK+MBkNkCe0EetEaDSwJJkCcjpazc=
golang.org/x/sync v0.16.0 h1:ycBJEhp9p4vXvUZNszeOq0kGTPghopOL8q0fq3vstxw=
golang.org/x/sync v0.16.0/go.mod h1:1dzgHSNfp02xaA81J2MS99Qcpr2w7fw1gpm99rleRqA=
golang.org/x/sys v0.35.0 h1:vz1N37gP5bs89s7He8XuIYXpyY0+QlsKmzipCbUtyxI=
golang.org/x/sys v0.35.0/go.mod h1:BJP2sWEmIv4KK5OTEluFJCKSidICx8ciO85XgH3Ak8k=
golang.org/x/tools v0.36.0 h1:kWS0uv/zsvHEle1LbV5LE8QujrxB3wfQyxHfhOk0Qkg=
golang.org/x/tools v0.36.0/go.mod h1:WBDiHKJK8YgLHlcQPYQzNCkUxUypCaa5ZegCVutKm+s=
google.golang.org/grpc v1.75.1 h1:/ODCNEuf9VghjgO3rqLcfg8fiOP0nSluljWFlDxELLI=
google.golang.org/grpc v1.75.1/go.mod h1:JtPAzKiq4v1xcAB2hydNlWI2RnF85XXcV0mhKXr2ecQ=
gopkg.in/check.v1 v0.0.0-20161208181325-20d25e280405/go.mod h1:Co6ibVJAznAaIkqp8huTwlJQCZ016jof/cbN4VW5Yz0=
gopkg.in/check.v1 v1.0.0-20201130134442-10cb98267c6c h1:Hei/4ADfdWqJk1ZMxUNpqntNwaWcugrBjAiHlqqRiVk=
gopkg.in/check.v1 v1.0.0-20201130134442-10cb98267c6c/go.mod h1:JHkPIbrfpd72SG/EVd6muEfDQjcINNoR0C8j2r3qZ4Q=
gopkg.in/yaml.v1 v1.0.0-20140924161607-9f9df34309c0/go.mod h1:WDnlLJ4WF5VGsH/HVa3CI79GS0ol3YnhVnKP89i0kNg=
gopkg.in/yaml.v3 v3.0.1 h1:fxVm/GzAzEWqLHuvctI91KS9hhNmmWOoWu0XTYJS7CA=
gopkg.in/yaml.v3 v3.0.1/go.mod h1:K4uyk7z7BCEPqu6E+C64Yfv1cQ7kz7rIZviUmN+EgEM=
howett.net/plist v1.0.1 h1:37GdZ8tP09Q35o9ych3ehygcsL+HqKSwzctveSlarvM=
howett.net/plist v1.0.1/go.mod h1:lqaXoTrLY4hg8tnEzNru53gicrbv7rrk+2xJA/7hw9g=
